
Microsoft Visual Studio Solution File, Format Version 12.00
# Visual Studio 14
VisualStudioVersion = 14.0.25420.1
MinimumVisualStudioVersion = 10.0.40219.1
Project("{FAE04EC0-301F-11D3-BF4B-00C04F79EFBC}") = "RepositoryPatternEfCodeFirst", "RepositoryPatternEfCodeFirst\RepositoryPatternEfCodeFirst.csproj", "{510B5320-D483-49AA-9509-A0EE13503AAA}"
EndProject
Project("{FAE04EC0-301F-11D3-BF4B-00C04F79EFBC}") = "RepositoryPatternEfCodeFirst.Csl", "RepositoryPatternEfCodeFirst.Csl\RepositoryPatternEfCodeFirst.Csl.csproj", "{6E414FEC-F80E-4D72-BEF0-28C0F104BA8B}"
EndProject
Global
	GlobalSection(SolutionConfigurationPlatforms) = preSolution
		Debug|Any CPU = Debug|Any CPU
		Release|Any CPU = Release|Any CPU
	EndGlobalSection
	GlobalSection(ProjectConfigurationPlatforms) = postSolution
		{510B5320-D483-49AA-9509-A0EE13503AAA}.Debug|Any CPU.ActiveCfg = Debug|Any CPU
		{510B5320-D483-49AA-9509-A0EE13503AAA}.Debug|Any CPU.Build.0 = Debug|Any CPU
		{510B5320-D483-49AA-9509-A0EE13503AAA}.Release|Any CPU.ActiveCfg = Release|Any CPU
		{510B5320-D483-49AA-9509-A0EE13503AAA}.Release|Any CPU.Build.0 = Release|Any CPU
		{6E414FEC-F80E-4D72-BEF0-28C0F104BA8B}.Debug|Any CPU.ActiveCfg = Debug|Any CPU
		{6E414FEC-F80E-4D72-BEF0-28C0F104BA8B}.Debug|Any CPU.Build.0 = Debug|Any CPU
		{6E414FEC-F80E-4D72-BEF0-28C0F104BA8B}.Release|Any CPU.ActiveCfg = Release|Any CPU
		{6E414FEC-F80E-4D72-BEF0-28C0F104BA8B}.Release|Any CPU.Build.0 = Release|Any CPU
	EndGlobalSection
	GlobalSection(SolutionProperties) = preSolution
		HideSolutionNode = FALSE
	EndGlobalSection
EndGlobal
